<?xml version="1.0" encoding="utf-8"?>
<Project ToolsVersion="4.0" xmlns="http://schemas.microsoft.com/developer/msbuild/2003">
  <ItemGroup>
    <Filter Include="Source Files">
      <UniqueIdentifier>{4FC737F1-C7A5-4376-A066-2A32D752A2FF}</UniqueIdentifier>
      <Extensions>cpp;c;cc;cxx;def;odl;idl;hpj;bat;asm;asmx</Extensions>
    </Filter>
    <Filter Include="Header Files">
      <UniqueIdentifier>{93995380-89BD-4b04-88EB-625FBE52EBFB}</UniqueIdentifier>
      <Extensions>h;hh;hpp;hxx;hm;inl;inc;ipp;xsd</Extensions>
    </Filter>
    <Filter Include="Resource Files">
      <UniqueIdentifier>{67DA6AB6-F800-4c08-8B7A-83BB121AAD01}</UniqueIdentifier>
      <Extensions>rc;ico;cur;bmp;dlg;rc2;rct;bin;rgs;gif;jpg;jpeg;jpe;resx;tiff;tif;png;wav;mfcribbon-ms</Extensions>
    </Filter>
    <Filter Include="Header Files\GameObjects">
      <UniqueIdentifier>{1e032851-d538-42b4-bc50-03f5424ce51c}</UniqueIdentifier>
    </Filter>
    <Filter Include="Header Files\GameObjects\Components">
      <UniqueIdentifier>{889527fe-2fde-438c-ab7e-910af9a17473}</UniqueIdentifier>
    </Filter>
    <Filter Include="Source Files\GameObjects">
      <UniqueIdentifier>{1288fd7a-4d19-4c53-b14d-3cd7ed4a2a56}</UniqueIdentifier>
    </Filter>
    <Filter Include="Source Files\GameObjects\Components">
      <UniqueIdentifier>{2b12f0a1-a097-4e10-acc7-f791ebaa6bf9}</UniqueIdentifier>
    </Filter>
    <Filter Include="Header Files\Music">
      <UniqueIdentifier>{bd73bb08-a454-42f7-8fb7-fc7dd2f2e132}</UniqueIdentifier>
    </Filter>
    <Filter Include="Source Files\Music">
      <UniqueIdentifier>{cc7f0637-0322-40a0-843e-25b752563cef}</UniqueIdentifier>
    </Filter>
    <Filter Include="Header Files\Animations">
      <UniqueIdentifier>{67e2bfe4-7b95-436b-be32-21ddf44625fa}</UniqueIdentifier>
    </Filter>
    <Filter Include="Source Files\Animations">
      <UniqueIdentifier>{f2e0e829-9635-49a2-8e95-af8f521b9b1a}</UniqueIdentifier>
    </Filter>
    <Filter Include="Header Files\Utils">
      <UniqueIdentifier>{0989e66e-8e69-4041-804a-f78055ba5362}</UniqueIdentifier>
    </Filter>
    <Filter Include="Source Files\Utils">
      <UniqueIdentifier>{3cb5d85d-259d-495b-9042-1d3632dbbe73}</UniqueIdentifier>
    </Filter>
  </ItemGroup>
  <ItemGroup>
    <ClCompile Include="Main.cpp">
      <Filter>Source Files</Filter>
    </ClCompile>
    <ClCompile Include="Game.cpp">
      <Filter>Source Files</Filter>
    </ClCompile>
    <ClCompile Include="Component.cpp">
      <Filter>Source Files\GameObjects\Components</Filter>
    </ClCompile>
    <ClCompile Include="CubeComponent.cpp">
      <Filter>Source Files\GameObjects\Components</Filter>
    </ClCompile>
    <ClCompile Include="DrawComponent.cpp">
      <Filter>Source Files\GameObjects\Components</Filter>
    </ClCompile>
    <ClCompile Include="GameObject.cpp">
      <Filter>Source Files\GameObjects</Filter>
    </ClCompile>
    <ClCompile Include="MoveToCompontent.cpp">
      <Filter>Source Files\GameObjects\Components</Filter>
    </ClCompile>
    <ClCompile Include="SpinComponent.cpp">
      <Filter>Source Files\GameObjects\Components</Filter>
    </ClCompile>
    <ClCompile Include="TimerJumper.cpp">
      <Filter>Source Files\GameObjects\Components</Filter>
    </ClCompile>
    <ClCompile Include="Vec.cpp">
      <Filter>Source Files\GameObjects</Filter>
    </ClCompile>
    <ClCompile Include="Tracker.cpp">
      <Filter>Source Files</Filter>
    </ClCompile>
    <ClCompile Include="PlayerComponent.cpp">
      <Filter>Source Files\GameObjects\Components</Filter>
    </ClCompile>
    <ClCompile Include="ObjectModel.cpp">
      <Filter>Source Files</Filter>
    </ClCompile>
    <ClCompile Include="Level.cpp">
      <Filter>Source Files</Filter>
    </ClCompile>
    <ClCompile Include="MusicLoader.cpp">
      <Filter>Source Files\Music</Filter>
    </ClCompile>
    <ClCompile Include="MusicTrack.cpp">
      <Filter>Source Files\Music</Filter>
    </ClCompile>
    <ClCompile Include="SoundPlayer.cpp">
      <Filter>Source Files\Music</Filter>
    </ClCompile>
    <ClCompile Include="Animation.cpp">
      <Filter>Source Files\Animations</Filter>
    </ClCompile>
    <ClCompile Include="TrailAnimation.cpp">
      <Filter>Source Files\Animations</Filter>
    </ClCompile>
    <ClCompile Include="ExplosionAnimation.cpp">
      <Filter>Source Files\Animations</Filter>
    </ClCompile>
    <ClCompile Include="FrameRateCounter.cpp">
      <Filter>Source Files\Utils</Filter>
    </ClCompile>
    <ClCompile Include="Util.cpp">
      <Filter>Source Files\Utils</Filter>
    </ClCompile>
    <ClCompile Include="Animation.cpp">
      <Filter>Source Files\Animations</Filter>
    </ClCompile>
    <ClCompile Include="TrailAnimation.cpp">
      <Filter>Source Files\Animations</Filter>
    </ClCompile>
    <ClCompile Include="ExplosionAnimation.cpp">
      <Filter>Source Files\Animations</Filter>
    </ClCompile>
    <ClCompile Include="FrameRateCounter.cpp">
      <Filter>Source Files\Utils</Filter>
    </ClCompile>
    <ClCompile Include="Util.cpp">
      <Filter>Source Files\Utils</Filter>
    </ClCompile>
    <ClCompile Include="Menu.cpp">
      <Filter>Source Files</Filter>
    </ClCompile>
    <ClCompile Include="StageComponent.cpp">
      <Filter>Source Files\GameObjects\Components</Filter>
    </ClCompile>
  </ItemGroup>
  <ItemGroup>
    <ClInclude Include="Globals.hpp">
      <Filter>Header Files</Filter>
    </ClInclude>
    <ClInclude Include="Game.hpp">
      <Filter>Header Files</Filter>
    </ClInclude>
    <ClInclude Include="Camera.hpp">
      <Filter>Header Files\GameObjects</Filter>
    </ClInclude>
    <ClInclude Include="Component.h">
      <Filter>Header Files\GameObjects\Components</Filter>
    </ClInclude>
    <ClInclude Include="CubeComponent.h">
      <Filter>Header Files\GameObjects\Components</Filter>
    </ClInclude>
    <ClInclude Include="DrawComponent.h">
      <Filter>Header Files\GameObjects\Components</Filter>
    </ClInclude>
    <ClInclude Include="GameObject.h">
      <Filter>Header Files\GameObjects</Filter>
    </ClInclude>
    <ClInclude Include="MoveToComponent.h">
      <Filter>Header Files\GameObjects\Components</Filter>
    </ClInclude>
    <ClInclude Include="SpinComponent.h">
      <Filter>Header Files\GameObjects\Components</Filter>
    </ClInclude>
    <ClInclude Include="TimerJumper.h">
      <Filter>Header Files\GameObjects\Components</Filter>
    </ClInclude>
    <ClInclude Include="Vec.h">
      <Filter>Header Files\GameObjects</Filter>
    </ClInclude>
    <ClInclude Include="PlayerComponent.h">
      <Filter>Header Files\GameObjects\Components</Filter>
    </ClInclude>
    <ClInclude Include="MusicTrack.h">
      <Filter>Header Files\Music</Filter>
    </ClInclude>
    <ClInclude Include="MusicLoader.hpp">
      <Filter>Header Files\Music</Filter>
    </ClInclude>
    <ClInclude Include="SoundPlayer.hpp">
      <Filter>Header Files\Music</Filter>
    </ClInclude>
    <ClInclude Include="CollisionSphere.h">
      <Filter>Header Files</Filter>
    </ClInclude>
    <ClInclude Include="Animation.hpp">
      <Filter>Header Files\Animations</Filter>
    </ClInclude>
    <ClInclude Include="TrailAnimation.hpp">
      <Filter>Header Files\Animations</Filter>
    </ClInclude>
    <ClInclude Include="ExplosionAnimation.hpp">
      <Filter>Header Files\Animations</Filter>
    </ClInclude>
    <ClInclude Include="FrameRateCounter.hpp">
      <Filter>Header Files\Utils</Filter>
    </ClInclude>
    <ClInclude Include="Util.hpp">
      <Filter>Header Files\Utils</Filter>
    </ClInclude>
    <ClInclude Include="Animation.hpp">
      <Filter>Header Files\Animations</Filter>
    </ClInclude>
    <ClInclude Include="TrailAnimation.hpp">
      <Filter>Header Files\Animations</Filter>
    </ClInclude>
    <ClInclude Include="ExplosionAnimation.hpp">
      <Filter>Header Files\Animations</Filter>
    </ClInclude>
    <ClInclude Include="FrameRateCounter.hpp">
      <Filter>Header Files\Utils</Filter>
    </ClInclude>
    <ClInclude Include="Util.hpp">
      <Filter>Header Files\Utils</Filter>
    </ClInclude>
  </ItemGroup>
  <ItemGroup>
    <ClInclude Include="Tracker.hpp">
      <Filter>Header Files</Filter>
    </ClInclude>
    <ClInclude Include="stb_image.h">
      <Filter>Header Files</Filter>
    </ClInclude>
    <ClInclude Include="ObjectModel.h">
      <Filter>Header Files</Filter>
    </ClInclude>
    <ClInclude Include="Enums.h">
      <Filter>Header Files</Filter>
    </ClInclude>
    <ClInclude Include="StageComponent.h">
      <Filter>Header Files</Filter>
    </ClInclude>
    <ClInclude Include="Menu.h">
      <Filter>Header Files</Filter>
    </ClInclude>
    <ClInclude Include="Level.h">
      <Filter>Header Files</Filter>
    </ClInclude>
  </ItemGroup>
  <ItemGroup>
    <Image Include="wallTexture.png">
      <Filter>Resource Files</Filter>
    </Image>
    <Image Include="smacky_logo_big.png">
      <Filter>Resource Files</Filter>
    </Image>
    <Image Include="blockTextures.png">
      <Filter>Resource Files</Filter>
    </Image>
    <Image Include="C:\Users\Gerben\Desktop\handTexture.png">
      <Filter>Resource Files</Filter>
    </Image>
  </ItemGroup>
</Project>